
Microsoft Visual Studio Solution File, Format Version 12.00
# Visual Studio Version 17
VisualStudioVersion = 17.8.34330.188
MinimumVisualStudioVersion = 10.0.40219.1
Project("{FAE04EC0-301F-11D3-BF4B-00C04F79EFBC}") = "PDFViewerSample", "PDFViewerSample\PDFViewerSample.csproj", "{A56F8346-F5C5-40E2-9CF3-A7347FA3F5F6}"
EndProject
Global
	GlobalSection(SolutionConfigurationPlatforms) = preSolution
		Debug|Any CPU = Debug|Any CPU
		Release|Any CPU = Release|Any CPU
	EndGlobalSection
	GlobalSection(ProjectConfigurationPlatforms) = postSolution
		{A56F8346-F5C5-40E2-9CF3-A7347FA3F5F6}.Debug|Any CPU.ActiveCfg = Debug|Any CPU
		{A56F8346-F5C5-40E2-9CF3-A7347FA3F5F6}.Debug|Any CPU.Build.0 = Debug|Any CPU
		{A56F8346-F5C5-40E2-9CF3-A7347FA3F5F6}.Release|Any CPU.ActiveCfg = Release|Any CPU
		{A56F8346-F5C5-40E2-9CF3-A7347FA3F5F6}.Release|Any CPU.Build.0 = Release|Any CPU
	EndGlobalSection
	GlobalSection(SolutionProperties) = preSolution
		HideSolutionNode = FALSE
	EndGlobalSection
	GlobalSection(ExtensibilityGlobals) = postSolution
		SolutionGuid = {2D69ED62-D959-4009-B889-E13CA676F326}
	EndGlobalSection
EndGlobal
